{
  "name": "kwasm",
  "version": "0.1.0-SNAPSHOT",
  "lockfileVersion": 3,
  "requires": true,
  "packages": {
    "": {
      "name": "kwasm",
      "version": "0.1.0-SNAPSHOT",
      "workspaces": [
        "packages/kwasm-annotations",
        "packages/kwasm-annotations-test",
        "packages/kwasm-bindgen-api",
        "packages/kwasm-bindgen-api-test"
      ],
      "devDependencies": {}
    },
    "node_modules/kwasm-annotations": {
      "resolved": "packages/kwasm-annotations",
      "link": true
    },
    "node_modules/kwasm-annotations-test": {
      "resolved": "packages/kwasm-annotations-test",
      "link": true
    },
    "node_modules/kwasm-bindgen-api": {
      "resolved": "packages/kwasm-bindgen-api",
      "link": true
    },
    "node_modules/kwasm-bindgen-api-test": {
      "resolved": "packages/kwasm-bindgen-api-test",
      "link": true
    },
    "packages/kwasm-annotations": {
      "version": "0.1.0-SNAPSHOT",
      "devDependencies": {}
    },
    "packages/kwasm-annotations-test": {
      "version": "0.1.0-SNAPSHOT",
      "devDependencies": {}
    },
    "packages/kwasm-bindgen-api": {
      "version": "0.1.0-SNAPSHOT",
      "devDependencies": {}
    },
    "packages/kwasm-bindgen-api-test": {
      "version": "0.1.0-SNAPSHOT",
      "devDependencies": {}
    }
  }
}
